<?xml version="1.0" encoding="utf-8"?>
<Project ToolsVersion="4.0" xmlns="http://schemas.microsoft.com/developer/msbuild/2003">
  <ItemGroup>
    <Filter Include="ソース ファイル">
      <UniqueIdentifier>{4FC737F1-C7A5-4376-A066-2A32D752A2FF}</UniqueIdentifier>
      <Extensions>cpp;c;cc;cxx;c++;def;odl;idl;hpj;bat;asm;asmx</Extensions>
    </Filter>
    <Filter Include="ヘッダー ファイル">
      <UniqueIdentifier>{93995380-89BD-4b04-88EB-625FBE52EBFB}</UniqueIdentifier>
      <Extensions>h;hh;hpp;hxx;h++;hm;inl;inc;ipp;xsd</Extensions>
    </Filter>
    <Filter Include="リソース ファイル">
      <UniqueIdentifier>{67DA6AB6-F800-4c08-8B7A-83BB121AAD01}</UniqueIdentifier>
      <Extensions>rc;ico;cur;bmp;dlg;rc2;rct;bin;rgs;gif;jpg;jpeg;jpe;resx;tiff;tif;png;wav;mfcribbon-ms</Extensions>
    </Filter>
    <Filter Include="ヘッダー ファイル\command">
      <UniqueIdentifier>{84cb0712-eccd-427c-b92e-2e203f655636}</UniqueIdentifier>
    </Filter>
    <Filter Include="ヘッダー ファイル\MyIO">
      <UniqueIdentifier>{631ec9c6-04cf-4884-8931-df5acc40c857}</UniqueIdentifier>
    </Filter>
  </ItemGroup>
  <ItemGroup>
    <ClCompile Include="NamedPipe_to_java.cpp">
      <Filter>ソース ファイル</Filter>
    </ClCompile>
    <ClCompile Include="Command\command.cpp">
      <Filter>ヘッダー ファイル\command</Filter>
    </ClCompile>
    <ClCompile Include="MyIO\MyIO.cpp">
      <Filter>ヘッダー ファイル\MyIO</Filter>
    </ClCompile>
  </ItemGroup>
  <ItemGroup>
    <ClInclude Include="commands.h">
      <Filter>ヘッダー ファイル</Filter>
    </ClInclude>
    <ClInclude Include="Command\command.h">
      <Filter>ヘッダー ファイル\command</Filter>
    </ClInclude>
    <ClInclude Include="MyIO\MyIO.h">
      <Filter>ヘッダー ファイル\MyIO</Filter>
    </ClInclude>
    <ClInclude Include="sync.h">
      <Filter>ヘッダー ファイル</Filter>
    </ClInclude>
  </ItemGroup>
</Project>